<?xml version="1.0" encoding="utf-8"?>
<Project ToolsVersion="4.0" xmlns="http://schemas.microsoft.com/developer/msbuild/2003">
  <ItemGroup>
    <Filter Include="Accounts">
      <UniqueIdentifier>{d4f400d8-bb46-4ba4-8042-1a096fc54cc8}</UniqueIdentifier>
    </Filter>
    <Filter Include="Achievements">
      <UniqueIdentifier>{e2453edd-ef59-446e-b3ce-f7d15f3857fa}</UniqueIdentifier>
    </Filter>
    <Filter Include="Addons">
      <UniqueIdentifier>{b76b61f6-ffce-422e-becb-818f1f0523af}</UniqueIdentifier>
    </Filter>
    <Filter Include="AI">
      <UniqueIdentifier>{41b9d7bf-6250-464c-b707-e955cb15a922}</UniqueIdentifier>
    </Filter>
    <Filter Include="AI\CoreAI">
      <UniqueIdentifier>{fd3259b4-61c3-4334-a2f2-4985af27f641}</UniqueIdentifier>
    </Filter>
    <Filter Include="AI\ScriptedAI">
      <UniqueIdentifier>{aa56d817-ee7b-43fa-959e-9d1e52073ac3}</UniqueIdentifier>
    </Filter>
    <Filter Include="AI\SmartScripts">
      <UniqueIdentifier>{d45bffd4-305d-47f5-b8fc-cf54f5b0f934}</UniqueIdentifier>
    </Filter>
    <Filter Include="AuctionHouse">
      <UniqueIdentifier>{86c5dabb-51e2-45d0-902b-cd560ea517c3}</UniqueIdentifier>
    </Filter>
    <Filter Include="AuctionHouse\Bot">
      <UniqueIdentifier>{ee7a1781-afaa-48eb-9d3c-f1b8486cb467}</UniqueIdentifier>
    </Filter>
    <Filter Include="Battlegrounds">
      <UniqueIdentifier>{2a29f927-41ab-4bba-bcba-e2c67164b338}</UniqueIdentifier>
    </Filter>
    <Filter Include="Battlegrounds\Zones">
      <UniqueIdentifier>{16e7a419-f498-4e73-9fe3-4b95971b3f92}</UniqueIdentifier>
    </Filter>
    <Filter Include="Calendar">
      <UniqueIdentifier>{55955120-ecf5-47c0-8ccf-9412f815088d}</UniqueIdentifier>
    </Filter>
    <Filter Include="Chat">
      <UniqueIdentifier>{2da7a64d-0498-4eac-a900-8dec2dedd50c}</UniqueIdentifier>
    </Filter>
    <Filter Include="Chat\Channels">
      <UniqueIdentifier>{9f7969c4-b96b-433a-a0aa-2c5829035df0}</UniqueIdentifier>
    </Filter>
    <Filter Include="Chat\Commands">
      <UniqueIdentifier>{2e864634-9773-40e1-a3bc-a68f2e3fecc5}</UniqueIdentifier>
    </Filter>
    <Filter Include="Combat">
      <UniqueIdentifier>{dd09ab6e-caf8-41a4-8f83-0c28a1b143ef}</UniqueIdentifier>
    </Filter>
    <Filter Include="Conditions">
      <UniqueIdentifier>{155744f8-75b7-48bd-86ff-76a44a1a09c7}</UniqueIdentifier>
    </Filter>
    <Filter Include="DataStores">
      <UniqueIdentifier>{3196d49a-e18d-45ac-b5bd-1c82e7687727}</UniqueIdentifier>
    </Filter>
    <Filter Include="DungeonFinding">
      <UniqueIdentifier>{3e277632-3c0b-4ce7-b17e-485ba84c85c7}</UniqueIdentifier>
    </Filter>
    <Filter Include="Entities">
      <UniqueIdentifier>{a6d71910-1cdf-4337-b0ac-af4bb95bf4a3}</UniqueIdentifier>
    </Filter>
    <Filter Include="Entities\Corpse">
      <UniqueIdentifier>{e4a305f3-8cec-4ae5-b756-fb022d6f91d6}</UniqueIdentifier>
    </Filter>
    <Filter Include="Entities\Creature">
      <UniqueIdentifier>{38ab92a5-a284-46e6-b7c5-d6d176053308}</UniqueIdentifier>
    </Filter>
    <Filter Include="Entities\DynamicObject">
      <UniqueIdentifier>{6756d0d1-b57c-40da-b449-680a1786d3b8}</UniqueIdentifier>
    </Filter>
    <Filter Include="Entities\GameObject">
      <UniqueIdentifier>{c98bc80b-9610-44a3-ad08-995f4bc05da2}</UniqueIdentifier>
    </Filter>
    <Filter Include="Entities\Item">
      <UniqueIdentifier>{4725d98a-f2b5-41c3-870a-d0858518d25d}</UniqueIdentifier>
    </Filter>
    <Filter Include="Entities\Item\Container">
      <UniqueIdentifier>{9cb4442a-888a-4c37-922a-986b5a30a7fe}</UniqueIdentifier>
    </Filter>
    <Filter Include="Entities\Object">
      <UniqueIdentifier>{56a100e9-f587-4c57-80c0-d7fb24526edb}</UniqueIdentifier>
    </Filter>
    <Filter Include="Entities\Object\Updates">
      <UniqueIdentifier>{ae7aa8ff-b561-4933-9046-6ab2a4037a16}</UniqueIdentifier>
    </Filter>
    <Filter Include="Entities\Pet">
      <UniqueIdentifier>{0e13a934-f474-4a63-bb2b-b38581753188}</UniqueIdentifier>
    </Filter>
    <Filter Include="Entities\Player">
      <UniqueIdentifier>{c2dc9ecc-6beb-4258-ac93-96f0432c0936}</UniqueIdentifier>
    </Filter>
    <Filter Include="Entities\Player\ClassPlayer">
      <UniqueIdentifier>{efc7794b-d10d-48a9-9f21-5bed8a874666}</UniqueIdentifier>
    </Filter>
    <Filter Include="Entities\Totem">
      <UniqueIdentifier>{707c64f7-2bcd-4f00-9f0a-59a895d87710}</UniqueIdentifier>
    </Filter>
    <Filter Include="Entities\Transport">
      <UniqueIdentifier>{256fe837-b081-4f03-8051-63b5e40f356c}</UniqueIdentifier>
    </Filter>
    <Filter Include="Entities\Unit">
      <UniqueIdentifier>{ee6f42ee-5b27-472a-b4c5-9a1ff450df0c}</UniqueIdentifier>
    </Filter>
    <Filter Include="Entities\Vehicle">
      <UniqueIdentifier>{2b74a1ff-4375-4a5a-9a28-6d1686774a9c}</UniqueIdentifier>
    </Filter>
    <Filter Include="Events">
      <UniqueIdentifier>{5f77a12d-8f75-49de-aa7a-6af6d3a8c524}</UniqueIdentifier>
    </Filter>
    <Filter Include="Globals">
      <UniqueIdentifier>{8da77a50-68e5-4e8c-b08a-6f2be0e34800}</UniqueIdentifier>
    </Filter>
    <Filter Include="Grids">
      <UniqueIdentifier>{ac7d461f-c06c-403b-9b1a-f3e5f7efdbfd}</UniqueIdentifier>
    </Filter>
    <Filter Include="Grids\Cells">
      <UniqueIdentifier>{6cbd40f1-846c-4ad0-92ac-c27e40453f7f}</UniqueIdentifier>
    </Filter>
    <Filter Include="Grids\Notifiers">
      <UniqueIdentifier>{652752e4-c511-4069-952f-22aba504ac33}</UniqueIdentifier>
    </Filter>
    <Filter Include="Groups">
      <UniqueIdentifier>{1a3d1fed-86d0-401a-91ba-e7b7660959bc}</UniqueIdentifier>
    </Filter>
    <Filter Include="Guilds">
      <UniqueIdentifier>{7a4eb580-8fc2-4f54-b0a5-5a30e1f76214}</UniqueIdentifier>
    </Filter>
    <Filter Include="Instances">
      <UniqueIdentifier>{d7aefc89-b20a-4d12-8177-39482a647b2c}</UniqueIdentifier>
    </Filter>
    <Filter Include="Loot">
      <UniqueIdentifier>{01b29824-372c-4787-ab74-a72a62ac5108}</UniqueIdentifier>
    </Filter>
    <Filter Include="Mails">
      <UniqueIdentifier>{f2cecb1b-c279-4a05-ab6c-f204c6909615}</UniqueIdentifier>
    </Filter>
    <Filter Include="Maps">
      <UniqueIdentifier>{061fb20c-1df7-46d2-9bd5-b3b74758b5fb}</UniqueIdentifier>
    </Filter>
    <Filter Include="Miscellaneous">
      <UniqueIdentifier>{66f025ae-744b-4269-81b8-6f2f178ced5b}</UniqueIdentifier>
    </Filter>
    <Filter Include="Movement">
      <UniqueIdentifier>{b80b8fea-87a0-416b-94ba-f720379526aa}</UniqueIdentifier>
    </Filter>
    <Filter Include="Movement\MovementGenerators">
      <UniqueIdentifier>{f3774456-88d5-47d1-8237-49e270ba8000}</UniqueIdentifier>
    </Filter>
    <Filter Include="Movement\Waypoints">
      <UniqueIdentifier>{f619fd4c-42db-4c74-8f4f-4889db02c296}</UniqueIdentifier>
    </Filter>
    <Filter Include="OutdoorPvP">
      <UniqueIdentifier>{6a8b36bf-cbc1-480d-89d3-4461b788fb70}</UniqueIdentifier>
    </Filter>
    <Filter Include="Pools">
      <UniqueIdentifier>{2a261ec1-ebb1-4a46-ba42-c66eed225f1d}</UniqueIdentifier>
    </Filter>
    <Filter Include="Quests">
      <UniqueIdentifier>{b445d358-9d5a-4dc1-ab56-ca1c35f81290}</UniqueIdentifier>
    </Filter>
    <Filter Include="Reputation">
      <UniqueIdentifier>{aa731c17-8e1c-4efd-ad1d-020aa92d830e}</UniqueIdentifier>
    </Filter>
    <Filter Include="Scripting">
      <UniqueIdentifier>{153a6711-a37a-448b-90ed-aef56a27860c}</UniqueIdentifier>
    </Filter>
    <Filter Include="Server">
      <UniqueIdentifier>{fa45d963-7c4c-4561-9dcc-3a3fc66f4bff}</UniqueIdentifier>
    </Filter>
    <Filter Include="Server\Protocol">
      <UniqueIdentifier>{43e7a118-7dab-44b2-af84-0c7bafd5aef7}</UniqueIdentifier>
    </Filter>
    <Filter Include="Server\Protocol\Handlers">
      <UniqueIdentifier>{5a8b546e-5730-4223-b92d-d296ed66ed77}</UniqueIdentifier>
    </Filter>
    <Filter Include="Skills">
      <UniqueIdentifier>{a90034e5-14c2-4ac4-a7b0-4b59ad428ed2}</UniqueIdentifier>
    </Filter>
    <Filter Include="Spells">
      <UniqueIdentifier>{bbba5df9-989e-40b8-8c70-891cd7a776d6}</UniqueIdentifier>
    </Filter>
    <Filter Include="Spells\Auras">
      <UniqueIdentifier>{dc35d221-3867-49d3-a594-ffa130ed00a6}</UniqueIdentifier>
    </Filter>
    <Filter Include="Texts">
      <UniqueIdentifier>{98eea676-cc90-4e98-831b-28ccb0bce24f}</UniqueIdentifier>
    </Filter>
    <Filter Include="Tickets">
      <UniqueIdentifier>{0f09a456-7799-4bf3-b40a-a5ac1e61d790}</UniqueIdentifier>
    </Filter>
    <Filter Include="Tools">
      <UniqueIdentifier>{470f21a4-d067-4c91-b9f9-0863aea477d3}</UniqueIdentifier>
    </Filter>
    <Filter Include="Weather">
      <UniqueIdentifier>{4b178988-c607-4bd9-9ed8-850628efa5dd}</UniqueIdentifier>
    </Filter>
    <Filter Include="World">
      <UniqueIdentifier>{e522e32c-9b0c-4cc7-9e5b-d115a13c6bb6}</UniqueIdentifier>
    </Filter>
  </ItemGroup>
  <ItemGroup>
    <ClCompile Include="..\..\src\server\game\Accounts\AccountMgr.cpp">
      <Filter>Accounts</Filter>
    </ClCompile>
    <ClCompile Include="..\..\src\server\game\Achievements\AchievementMgr.cpp">
      <Filter>Achievements</Filter>
    </ClCompile>
    <ClCompile Include="..\..\src\server\game\Addons\AddonMgr.cpp">
      <Filter>Addons</Filter>
    </ClCompile>
    <ClCompile Include="..\..\src\server\game\AI\CreatureAI.cpp">
      <Filter>AI</Filter>
    </ClCompile>
    <ClCompile Include="..\..\src\server\game\AI\CreatureAIRegistry.cpp">
      <Filter>AI</Filter>
    </ClCompile>
    <ClCompile Include="..\..\src\server\game\AI\CreatureAISelector.cpp">
      <Filter>AI</Filter>
    </ClCompile>
    <ClCompile Include="..\..\src\server\game\AI\CoreAI\CombatAI.cpp">
      <Filter>AI\CoreAI</Filter>
    </ClCompile>
    <ClCompile Include="..\..\src\server\game\AI\CoreAI\GameObjectAI.cpp">
      <Filter>AI\CoreAI</Filter>
    </ClCompile>
    <ClCompile Include="..\..\src\server\game\AI\CoreAI\GuardAI.cpp">
      <Filter>AI\CoreAI</Filter>
    </ClCompile>
    <ClCompile Include="..\..\src\server\game\AI\CoreAI\PassiveAI.cpp">
      <Filter>AI\CoreAI</Filter>
    </ClCompile>
    <ClCompile Include="..\..\src\server\game\AI\CoreAI\PetAI.cpp">
      <Filter>AI\CoreAI</Filter>
    </ClCompile>
    <ClCompile Include="..\..\src\server\game\AI\CoreAI\ReactorAI.cpp">
      <Filter>AI\CoreAI</Filter>
    </ClCompile>
    <ClCompile Include="..\..\src\server\game\AI\CoreAI\TotemAI.cpp">
      <Filter>AI\CoreAI</Filter>
    </ClCompile>
    <ClCompile Include="..\..\src\server\game\AI\CoreAI\UnitAI.cpp">
      <Filter>AI\CoreAI</Filter>
    </ClCompile>
    <ClCompile Include="..\..\src\server\game\AI\ScriptedAI\ScriptedCreature.cpp">
      <Filter>AI\ScriptedAI</Filter>
    </ClCompile>
    <ClCompile Include="..\..\src\server\game\AI\ScriptedAI\ScriptedEscortAI.cpp">
      <Filter>AI\ScriptedAI</Filter>
    </ClCompile>
    <ClCompile Include="..\..\src\server\game\AI\ScriptedAI\ScriptedFollowerAI.cpp">
      <Filter>AI\ScriptedAI</Filter>
    </ClCompile>
    <ClCompile Include="..\..\src\server\game\AI\ScriptedAI\ScriptedSimpleAI.cpp">
      <Filter>AI\ScriptedAI</Filter>
    </ClCompile>
    <ClCompile Include="..\..\src\server\game\AI\SmartScripts\SmartAI.cpp">
      <Filter>AI\SmartScripts</Filter>
    </ClCompile>
    <ClCompile Include="..\..\src\server\game\AI\SmartScripts\SmartScript.cpp">
      <Filter>AI\SmartScripts</Filter>
    </ClCompile>
    <ClCompile Include="..\..\src\server\game\AI\SmartScripts\SmartScriptMgr.cpp">
      <Filter>AI\SmartScripts</Filter>
    </ClCompile>
    <ClCompile Include="..\..\src\server\game\AuctionHouse\AuctionHouseMgr.cpp">
      <Filter>AuctionHouse</Filter>
    </ClCompile>
    <ClCompile Include="..\..\src\server\game\Battlegrounds\ArenaTeam.cpp">
      <Filter>Battlegrounds</Filter>
    </ClCompile>
    <ClCompile Include="..\..\src\server\game\Battlegrounds\ArenaTeamMgr.cpp">
      <Filter>Battlegrounds</Filter>
    </ClCompile>
    <ClCompile Include="..\..\src\server\game\Battlegrounds\Battleground.cpp">
      <Filter>Battlegrounds</Filter>
    </ClCompile>
    <ClCompile Include="..\..\src\server\game\Battlegrounds\BattlegroundMgr.cpp">
      <Filter>Battlegrounds</Filter>
    </ClCompile>
    <ClCompile Include="..\..\src\server\game\Battlegrounds\BattlegroundQueue.cpp">
      <Filter>Battlegrounds</Filter>
    </ClCompile>
    <ClCompile Include="..\..\src\server\game\Battlegrounds\Zones\BattlegroundAA.cpp">
      <Filter>Battlegrounds\Zones</Filter>
    </ClCompile>
    <ClCompile Include="..\..\src\server\game\Battlegrounds\Zones\BattlegroundAB.cpp">
      <Filter>Battlegrounds\Zones</Filter>
    </ClCompile>
    <ClCompile Include="..\..\src\server\game\Battlegrounds\Zones\BattlegroundAV.cpp">
      <Filter>Battlegrounds\Zones</Filter>
    </ClCompile>
    <ClCompile Include="..\..\src\server\game\Battlegrounds\Zones\BattlegroundBE.cpp">
      <Filter>Battlegrounds\Zones</Filter>
    </ClCompile>
    <ClCompile Include="..\..\src\server\game\Battlegrounds\Zones\BattlegroundBG.cpp">
      <Filter>Battlegrounds\Zones</Filter>
    </ClCompile>
    <ClCompile Include="..\..\src\server\game\Battlegrounds\Zones\BattlegroundDS.cpp">
      <Filter>Battlegrounds\Zones</Filter>
    </ClCompile>
    <ClCompile Include="..\..\src\server\game\Battlegrounds\Zones\BattlegroundEY.cpp">
      <Filter>Battlegrounds\Zones</Filter>
    </ClCompile>
    <ClCompile Include="..\..\src\server\game\Battlegrounds\Zones\BattlegroundIC.cpp">
      <Filter>Battlegrounds\Zones</Filter>
    </ClCompile>
    <ClCompile Include="..\..\src\server\game\Battlegrounds\Zones\BattlegroundNA.cpp">
      <Filter>Battlegrounds\Zones</Filter>
    </ClCompile>
    <ClCompile Include="..\..\src\server\game\Battlegrounds\Zones\BattlegroundRB.cpp">
      <Filter>Battlegrounds\Zones</Filter>
    </ClCompile>
    <ClCompile Include="..\..\src\server\game\Battlegrounds\Zones\BattlegroundRL.cpp">
      <Filter>Battlegrounds\Zones</Filter>
    </ClCompile>
    <ClCompile Include="..\..\src\server\game\Battlegrounds\Zones\BattlegroundRV.cpp">
      <Filter>Battlegrounds\Zones</Filter>
    </ClCompile>
    <ClCompile Include="..\..\src\server\game\Battlegrounds\Zones\BattlegroundSA.cpp">
      <Filter>Battlegrounds\Zones</Filter>
    </ClCompile>
    <ClCompile Include="..\..\src\server\game\Battlegrounds\Zones\BattlegroundTP.cpp">
      <Filter>Battlegrounds\Zones</Filter>
    </ClCompile>
    <ClCompile Include="..\..\src\server\game\Battlegrounds\Zones\BattlegroundWS.cpp">
      <Filter>Battlegrounds\Zones</Filter>
    </ClCompile>
    <ClCompile Include="..\..\src\server\game\Calendar\Calendar.cpp">
      <Filter>Calendar</Filter>
    </ClCompile>
    <ClCompile Include="..\..\src\server\game\Chat\Chat.cpp">
      <Filter>Chat</Filter>
    </ClCompile>
    <ClCompile Include="..\..\src\server\game\Chat\ChatLink.cpp">
      <Filter>Chat</Filter>
    </ClCompile>
    <ClCompile Include="..\..\src\server\game\Chat\Channels\Channel.cpp">
      <Filter>Chat\Channels</Filter>
    </ClCompile>
    <ClCompile Include="..\..\src\server\game\Chat\Channels\ChannelMgr.cpp">
      <Filter>Chat\Channels</Filter>
    </ClCompile>
    <ClCompile Include="..\..\src\server\game\Chat\Commands\Debugcmds.cpp">
      <Filter>Chat\Commands</Filter>
    </ClCompile>
    <ClCompile Include="..\..\src\server\game\Chat\Commands\Level0.cpp">
      <Filter>Chat\Commands</Filter>
    </ClCompile>
    <ClCompile Include="..\..\src\server\game\Chat\Commands\Level1.cpp">
      <Filter>Chat\Commands</Filter>
    </ClCompile>
    <ClCompile Include="..\..\src\server\game\Chat\Commands\Level2.cpp">
      <Filter>Chat\Commands</Filter>
    </ClCompile>
    <ClCompile Include="..\..\src\server\game\Chat\Commands\Level3.cpp">
      <Filter>Chat\Commands</Filter>
    </ClCompile>
    <ClCompile Include="..\..\src\server\game\Chat\Commands\TicketCommands.cpp">
      <Filter>Chat\Commands</Filter>
    </ClCompile>
    <ClCompile Include="..\..\src\server\game\Combat\HostileRefManager.cpp">
      <Filter>Combat</Filter>
    </ClCompile>
    <ClCompile Include="..\..\src\server\game\Combat\ThreatManager.cpp">
      <Filter>Combat</Filter>
    </ClCompile>
    <ClCompile Include="..\..\src\server\game\Conditions\ConditionMgr.cpp">
      <Filter>Conditions</Filter>
    </ClCompile>
    <ClCompile Include="..\..\src\server\game\Conditions\DisableMgr.cpp">
      <Filter>Conditions</Filter>
    </ClCompile>
    <ClCompile Include="..\..\src\server\game\DataStores\DATAStores.cpp">
      <Filter>DataStores</Filter>
    </ClCompile>
    <ClCompile Include="..\..\src\server\game\DataStores\DATAStructure.cpp">
      <Filter>DataStores</Filter>
    </ClCompile>
    <ClCompile Include="..\..\src\server\game\DungeonFinding\LFGGroupData.cpp">
      <Filter>DungeonFinding</Filter>
    </ClCompile>
    <ClCompile Include="..\..\src\server\game\DungeonFinding\LFGMgr.cpp">
      <Filter>DungeonFinding</Filter>
    </ClCompile>
    <ClCompile Include="..\..\src\server\game\DungeonFinding\LFGPlayerData.cpp">
      <Filter>DungeonFinding</Filter>
    </ClCompile>
    <ClCompile Include="..\..\src\server\game\DungeonFinding\LFGScripts.cpp">
      <Filter>DungeonFinding</Filter>
    </ClCompile>
    <ClCompile Include="..\..\src\server\game\Entities\Corpse\Corpse.cpp">
      <Filter>Entities\Corpse</Filter>
    </ClCompile>
    <ClCompile Include="..\..\src\server\game\Entities\Creature\Creature.cpp">
      <Filter>Entities\Creature</Filter>
    </ClCompile>
    <ClCompile Include="..\..\src\server\game\Entities\Creature\CreatureGroups.cpp">
      <Filter>Entities\Creature</Filter>
    </ClCompile>
    <ClCompile Include="..\..\src\server\game\Entities\Creature\GossipDef.cpp">
      <Filter>Entities\Creature</Filter>
    </ClCompile>
    <ClCompile Include="..\..\src\server\game\Entities\Creature\TemporarySummon.cpp">
      <Filter>Entities\Creature</Filter>
    </ClCompile>
    <ClCompile Include="..\..\src\server\game\Entities\DynamicObject\DynamicObject.cpp">
      <Filter>Entities\DynamicObject</Filter>
    </ClCompile>
    <ClCompile Include="..\..\src\server\game\Entities\GameObject\GameObject.cpp">
      <Filter>Entities\GameObject</Filter>
    </ClCompile>
    <ClCompile Include="..\..\src\server\game\Entities\Item\Item.cpp">
      <Filter>Entities\Item</Filter>
    </ClCompile>
    <ClCompile Include="..\..\src\server\game\Entities\Item\ItemEnchantmentMgr.cpp">
      <Filter>Entities\Item</Filter>
    </ClCompile>
    <ClCompile Include="..\..\src\server\game\Entities\Item\Container\Bag.cpp">
      <Filter>Entities\Item\Container</Filter>
    </ClCompile>
    <ClCompile Include="..\..\src\server\game\Entities\Object\Object.cpp">
      <Filter>Entities\Object</Filter>
    </ClCompile>
    <ClCompile Include="..\..\src\server\game\Entities\Object\ObjectPosSelector.cpp">
      <Filter>Entities\Object</Filter>
    </ClCompile>
    <ClCompile Include="..\..\src\server\game\Entities\Object\Updates\UpdateData.cpp">
      <Filter>Entities\Object\Updates</Filter>
    </ClCompile>
    <ClCompile Include="..\..\src\server\game\Entities\Pet\Pet.cpp">
      <Filter>Entities\Pet</Filter>
    </ClCompile>
    <ClCompile Include="..\..\src\server\game\Entities\Player\Player.cpp">
      <Filter>Entities\Player</Filter>
    </ClCompile>
    <ClCompile Include="..\..\src\server\game\Entities\Player\SocialMgr.cpp">
      <Filter>Entities\Player</Filter>
    </ClCompile>
    <ClCompile Include="..\..\src\server\game\Entities\Player\ClassPlayer\DKPlayer.cpp">
      <Filter>Entities\Player\ClassPlayer</Filter>
    </ClCompile>
    <ClCompile Include="..\..\src\server\game\Entities\Player\ClassPlayer\DruidPlayer.cpp">
      <Filter>Entities\Player\ClassPlayer</Filter>
    </ClCompile>
    <ClCompile Include="..\..\src\server\game\Entities\Player\ClassPlayer\HunterPlayer.cpp">
      <Filter>Entities\Player\ClassPlayer</Filter>
    </ClCompile>
    <ClCompile Include="..\..\src\server\game\Entities\Player\ClassPlayer\MagePlayer.cpp">
      <Filter>Entities\Player\ClassPlayer</Filter>
    </ClCompile>
    <ClCompile Include="..\..\src\server\game\Entities\Player\ClassPlayer\PaladinPlayer.cpp">
      <Filter>Entities\Player\ClassPlayer</Filter>
    </ClCompile>
    <ClCompile Include="..\..\src\server\game\Entities\Player\ClassPlayer\PriestPlayer.cpp">
      <Filter>Entities\Player\ClassPlayer</Filter>
    </ClCompile>
    <ClCompile Include="..\..\src\server\game\Entities\Player\ClassPlayer\RoguePlayer.cpp">
      <Filter>Entities\Player\ClassPlayer</Filter>
    </ClCompile>
    <ClCompile Include="..\..\src\server\game\Entities\Player\ClassPlayer\ShamanPlayer.cpp">
      <Filter>Entities\Player\ClassPlayer</Filter>
    </ClCompile>
    <ClCompile Include="..\..\src\server\game\Entities\Player\ClassPlayer\WarlockPlayer.cpp">
      <Filter>Entities\Player\ClassPlayer</Filter>
    </ClCompile>
    <ClCompile Include="..\..\src\server\game\Entities\Player\ClassPlayer\WarriorPlayer.cpp">
      <Filter>Entities\Player\ClassPlayer</Filter>
    </ClCompile>
    <ClCompile Include="..\..\src\server\game\Entities\Totem\Totem.cpp">
      <Filter>Entities\Totem</Filter>
    </ClCompile>
    <ClCompile Include="..\..\src\server\game\Entities\Transport\Transport.cpp">
      <Filter>Entities\Transport</Filter>
    </ClCompile>
    <ClCompile Include="..\..\src\server\game\Entities\Unit\StatSystem.cpp">
      <Filter>Entities\Unit</Filter>
    </ClCompile>
    <ClCompile Include="..\..\src\server\game\Entities\Unit\Unit.cpp">
      <Filter>Entities\Unit</Filter>
    </ClCompile>
    <ClCompile Include="..\..\src\server\game\Entities\Vehicle\Vehicle.cpp">
      <Filter>Entities\Vehicle</Filter>
    </ClCompile>
    <ClCompile Include="..\..\src\server\game\Events\GameEventMgr.cpp">
      <Filter>Events</Filter>
    </ClCompile>
    <ClCompile Include="..\..\src\server\game\Globals\ObjectAccessor.cpp">
      <Filter>Globals</Filter>
    </ClCompile>
    <ClCompile Include="..\..\src\server\game\Globals\ObjectMgr.cpp">
      <Filter>Globals</Filter>
    </ClCompile>
    <ClCompile Include="..\..\src\server\game\Grids\GridStates.cpp">
      <Filter>Grids</Filter>
    </ClCompile>
    <ClCompile Include="..\..\src\server\game\Grids\ObjectGridLoader.cpp">
      <Filter>Grids</Filter>
    </ClCompile>
    <ClCompile Include="..\..\src\server\game\Grids\Notifiers\GridNotifiers.cpp">
      <Filter>Grids\Notifiers</Filter>
    </ClCompile>
    <ClCompile Include="..\..\src\server\game\Groups\Group.cpp">
      <Filter>Groups</Filter>
    </ClCompile>
    <ClCompile Include="..\..\src\server\game\Groups\GroupMgr.cpp">
      <Filter>Groups</Filter>
    </ClCompile>
    <ClCompile Include="..\..\src\server\game\Groups\GroupReference.cpp">
      <Filter>Groups</Filter>
    </ClCompile>
    <ClCompile Include="..\..\src\server\game\Guilds\Guild.cpp">
      <Filter>Guilds</Filter>
    </ClCompile>
    <ClCompile Include="..\..\src\server\game\Guilds\GuildMgr.cpp">
      <Filter>Guilds</Filter>
    </ClCompile>
    <ClCompile Include="..\..\src\server\game\Instances\InstanceSaveMgr.cpp">
      <Filter>Instances</Filter>
    </ClCompile>
    <ClCompile Include="..\..\src\server\game\Instances\InstanceScript.cpp">
      <Filter>Instances</Filter>
    </ClCompile>
    <ClCompile Include="..\..\src\server\game\Loot\LootMgr.cpp">
      <Filter>Loot</Filter>
    </ClCompile>
    <ClCompile Include="..\..\src\server\game\Mails\Mail.cpp">
      <Filter>Mails</Filter>
    </ClCompile>
    <ClCompile Include="..\..\src\server\game\Maps\Map.cpp">
      <Filter>Maps</Filter>
    </ClCompile>
    <ClCompile Include="..\..\src\server\game\Maps\MapInstanced.cpp">
      <Filter>Maps</Filter>
    </ClCompile>
    <ClCompile Include="..\..\src\server\game\Maps\MapManager.cpp">
      <Filter>Maps</Filter>
    </ClCompile>
    <ClCompile Include="..\..\src\server\game\Maps\MapUpdater.cpp">
      <Filter>Maps</Filter>
    </ClCompile>
    <ClCompile Include="..\..\src\server\game\Movement\DestinationHolder.cpp">
      <Filter>Movement</Filter>
    </ClCompile>
    <ClCompile Include="..\..\src\server\game\Movement\FollowerReference.cpp">
      <Filter>Movement</Filter>
    </ClCompile>
    <ClCompile Include="..\..\src\server\game\Movement\MotionMaster.cpp">
      <Filter>Movement</Filter>
    </ClCompile>
    <ClCompile Include="..\..\src\server\game\Movement\MovementGenerator.cpp">
      <Filter>Movement</Filter>
    </ClCompile>
    <ClCompile Include="..\..\src\server\game\Movement\MovementGenerators\ConfusedMovementGenerator.cpp">
      <Filter>Movement\MovementGenerators</Filter>
    </ClCompile>
    <ClCompile Include="..\..\src\server\game\Movement\MovementGenerators\FleeingMovementGenerator.cpp">
      <Filter>Movement\MovementGenerators</Filter>
    </ClCompile>
    <ClCompile Include="..\..\src\server\game\Movement\MovementGenerators\HomeMovementGenerator.cpp">
      <Filter>Movement\MovementGenerators</Filter>
    </ClCompile>
    <ClCompile Include="..\..\src\server\game\Movement\MovementGenerators\IdleMovementGenerator.cpp">
      <Filter>Movement\MovementGenerators</Filter>
    </ClCompile>
    <ClCompile Include="..\..\src\server\game\Movement\MovementGenerators\PointMovementGenerator.cpp">
      <Filter>Movement\MovementGenerators</Filter>
    </ClCompile>
    <ClCompile Include="..\..\src\server\game\Movement\MovementGenerators\RandomMovementGenerator.cpp">
      <Filter>Movement\MovementGenerators</Filter>
    </ClCompile>
    <ClCompile Include="..\..\src\server\game\Movement\MovementGenerators\TargetedMovementGenerator.cpp">
      <Filter>Movement\MovementGenerators</Filter>
    </ClCompile>
    <ClCompile Include="..\..\src\server\game\Movement\MovementGenerators\WaypointMovementGenerator.cpp">
      <Filter>Movement\MovementGenerators</Filter>
    </ClCompile>
    <ClCompile Include="..\..\src\server\game\Movement\Waypoints\WaypointManager.cpp">
      <Filter>Movement\Waypoints</Filter>
    </ClCompile>
    <ClCompile Include="..\..\src\server\game\OutdoorPvP\OutdoorPvP.cpp">
      <Filter>OutdoorPvP</Filter>
    </ClCompile>
    <ClCompile Include="..\..\src\server\game\OutdoorPvP\OutdoorPvPMgr.cpp">
      <Filter>OutdoorPvP</Filter>
    </ClCompile>
    <ClCompile Include="..\..\src\server\game\Pools\PoolMgr.cpp">
      <Filter>Pools</Filter>
    </ClCompile>
    <ClCompile Include="..\..\src\server\game\Quests\QuestDef.cpp">
      <Filter>Quests</Filter>
    </ClCompile>
    <ClCompile Include="..\..\src\server\game\Reputation\ReputationMgr.cpp">
      <Filter>Reputation</Filter>
    </ClCompile>
    <ClCompile Include="..\..\src\server\game\Scripting\MapScripts.cpp">
      <Filter>Scripting</Filter>
    </ClCompile>
    <ClCompile Include="..\..\src\server\game\Scripting\ScriptLoader.cpp">
      <Filter>Scripting</Filter>
    </ClCompile>
    <ClCompile Include="..\..\src\server\game\Scripting\ScriptMgr.cpp">
      <Filter>Scripting</Filter>
    </ClCompile>
    <ClCompile Include="..\..\src\server\game\Scripting\ScriptSystem.cpp">
      <Filter>Scripting</Filter>
    </ClCompile>
    <ClCompile Include="..\..\src\server\game\Server\WorldSession.cpp">
      <Filter>Server</Filter>
    </ClCompile>
    <ClCompile Include="..\..\src\server\game\Server\WorldSocket.cpp">
      <Filter>Server</Filter>
    </ClCompile>
    <ClCompile Include="..\..\src\server\game\Server\WorldSocketMgr.cpp">
      <Filter>Server</Filter>
    </ClCompile>
    <ClCompile Include="..\..\src\server\game\Server\Protocol\Opcodes.cpp">
      <Filter>Server\Protocol</Filter>
    </ClCompile>
    <ClCompile Include="..\..\src\server\game\Server\Protocol\WorldLog.cpp">
      <Filter>Server\Protocol</Filter>
    </ClCompile>
    <ClCompile Include="..\..\src\server\game\Server\Protocol\Handlers\AddonHandler.cpp">
      <Filter>Server\Protocol\Handlers</Filter>
    </ClCompile>
    <ClCompile Include="..\..\src\server\game\Server\Protocol\Handlers\ArenaTeamHandler.cpp">
      <Filter>Server\Protocol\Handlers</Filter>
    </ClCompile>
    <ClCompile Include="..\..\src\server\game\Server\Protocol\Handlers\AuctionHouseHandler.cpp">
      <Filter>Server\Protocol\Handlers</Filter>
    </ClCompile>
    <ClCompile Include="..\..\src\server\game\Server\Protocol\Handlers\AuthHandler.cpp">
      <Filter>Server\Protocol\Handlers</Filter>
    </ClCompile>
    <ClCompile Include="..\..\src\server\game\Server\Protocol\Handlers\BattleGroundHandler.cpp">
      <Filter>Server\Protocol\Handlers</Filter>
    </ClCompile>
    <ClCompile Include="..\..\src\server\game\Server\Protocol\Handlers\CalendarHandler.cpp">
      <Filter>Server\Protocol\Handlers</Filter>
    </ClCompile>
    <ClCompile Include="..\..\src\server\game\Server\Protocol\Handlers\ChannelHandler.cpp">
      <Filter>Server\Protocol\Handlers</Filter>
    </ClCompile>
    <ClCompile Include="..\..\src\server\game\Server\Protocol\Handlers\CharacterHandler.cpp">
      <Filter>Server\Protocol\Handlers</Filter>
    </ClCompile>
    <ClCompile Include="..\..\src\server\game\Server\Protocol\Handlers\ChatHandler.cpp">
      <Filter>Server\Protocol\Handlers</Filter>
    </ClCompile>
    <ClCompile Include="..\..\src\server\game\Server\Protocol\Handlers\CombatHandler.cpp">
      <Filter>Server\Protocol\Handlers</Filter>
    </ClCompile>
    <ClCompile Include="..\..\src\server\game\Server\Protocol\Handlers\DuelHandler.cpp">
      <Filter>Server\Protocol\Handlers</Filter>
    </ClCompile>
    <ClCompile Include="..\..\src\server\game\Server\Protocol\Handlers\GroupHandler.cpp">
      <Filter>Server\Protocol\Handlers</Filter>
    </ClCompile>
    <ClCompile Include="..\..\src\server\game\Server\Protocol\Handlers\GuildHandler.cpp">
      <Filter>Server\Protocol\Handlers</Filter>
    </ClCompile>
    <ClCompile Include="..\..\src\server\game\Server\Protocol\Handlers\ItemHandler.cpp">
      <Filter>Server\Protocol\Handlers</Filter>
    </ClCompile>
    <ClCompile Include="..\..\src\server\game\Server\Protocol\Handlers\LFGHandler.cpp">
      <Filter>Server\Protocol\Handlers</Filter>
    </ClCompile>
    <ClCompile Include="..\..\src\server\game\Server\Protocol\Handlers\LootHandler.cpp">
      <Filter>Server\Protocol\Handlers</Filter>
    </ClCompile>
    <ClCompile Include="..\..\src\server\game\Server\Protocol\Handlers\MailHandler.cpp">
      <Filter>Server\Protocol\Handlers</Filter>
    </ClCompile>
    <ClCompile Include="..\..\src\server\game\Server\Protocol\Handlers\MiscHandler.cpp">
      <Filter>Server\Protocol\Handlers</Filter>
    </ClCompile>
    <ClCompile Include="..\..\src\server\game\Server\Protocol\Handlers\MovementHandler.cpp">
      <Filter>Server\Protocol\Handlers</Filter>
    </ClCompile>
    <ClCompile Include="..\..\src\server\game\Server\Protocol\Handlers\NPCHandler.cpp">
      <Filter>Server\Protocol\Handlers</Filter>
    </ClCompile>
    <ClCompile Include="..\..\src\server\game\Server\Protocol\Handlers\PetHandler.cpp">
      <Filter>Server\Protocol\Handlers</Filter>
    </ClCompile>
    <ClCompile Include="..\..\src\server\game\Server\Protocol\Handlers\PetitionsHandler.cpp">
      <Filter>Server\Protocol\Handlers</Filter>
    </ClCompile>
    <ClCompile Include="..\..\src\server\game\Server\Protocol\Handlers\QueryHandler.cpp">
      <Filter>Server\Protocol\Handlers</Filter>
    </ClCompile>
    <ClCompile Include="..\..\src\server\game\Server\Protocol\Handlers\QuestHandler.cpp">
      <Filter>Server\Protocol\Handlers</Filter>
    </ClCompile>
    <ClCompile Include="..\..\src\server\game\Server\Protocol\Handlers\ReferAFriendHandler.cpp">
      <Filter>Server\Protocol\Handlers</Filter>
    </ClCompile>
    <ClCompile Include="..\..\src\server\game\Server\Protocol\Handlers\SkillHandler.cpp">
      <Filter>Server\Protocol\Handlers</Filter>
    </ClCompile>
    <ClCompile Include="..\..\src\server\game\Server\Protocol\Handlers\SpellHandler.cpp">
      <Filter>Server\Protocol\Handlers</Filter>
    </ClCompile>
    <ClCompile Include="..\..\src\server\game\Server\Protocol\Handlers\TaxiHandler.cpp">
      <Filter>Server\Protocol\Handlers</Filter>
    </ClCompile>
    <ClCompile Include="..\..\src\server\game\Server\Protocol\Handlers\TicketHandler.cpp">
      <Filter>Server\Protocol\Handlers</Filter>
    </ClCompile>
    <ClCompile Include="..\..\src\server\game\Server\Protocol\Handlers\TradeHandler.cpp">
      <Filter>Server\Protocol\Handlers</Filter>
    </ClCompile>
    <ClCompile Include="..\..\src\server\game\Server\Protocol\Handlers\VoiceChatHandler.cpp">
      <Filter>Server\Protocol\Handlers</Filter>
    </ClCompile>
    <ClCompile Include="..\..\src\server\game\Skills\SkillDiscovery.cpp">
      <Filter>Skills</Filter>
    </ClCompile>
    <ClCompile Include="..\..\src\server\game\Skills\SkillExtraItems.cpp">
      <Filter>Skills</Filter>
    </ClCompile>
    <ClCompile Include="..\..\src\server\game\Spells\Spell.cpp">
      <Filter>Spells</Filter>
    </ClCompile>
    <ClCompile Include="..\..\src\server\game\Spells\SpellEffects.cpp">
      <Filter>Spells</Filter>
    </ClCompile>
    <ClCompile Include="..\..\src\server\game\Spells\SpellMgr.cpp">
      <Filter>Spells</Filter>
    </ClCompile>
    <ClCompile Include="..\..\src\server\game\Spells\SpellScript.cpp">
      <Filter>Spells</Filter>
    </ClCompile>
    <ClCompile Include="..\..\src\server\game\Spells\Auras\SpellAuraEffects.cpp">
      <Filter>Spells\Auras</Filter>
    </ClCompile>
    <ClCompile Include="..\..\src\server\game\Spells\Auras\SpellAuras.cpp">
      <Filter>Spells\Auras</Filter>
    </ClCompile>
    <ClCompile Include="..\..\src\server\game\Texts\CreatureTextMgr.cpp">
      <Filter>Texts</Filter>
    </ClCompile>
    <ClCompile Include="..\..\src\server\game\Tickets\TicketMgr.cpp">
      <Filter>Tickets</Filter>
    </ClCompile>
    <ClCompile Include="..\..\src\server\game\Tools\CharacterDatabaseCleaner.cpp">
      <Filter>Tools</Filter>
    </ClCompile>
    <ClCompile Include="..\..\src\server\game\Tools\PlayerDump.cpp">
      <Filter>Tools</Filter>
    </ClCompile>
    <ClCompile Include="..\..\src\server\game\Weather\Weather.cpp">
      <Filter>Weather</Filter>
    </ClCompile>
    <ClCompile Include="..\..\src\server\game\Weather\WeatherMgr.cpp">
      <Filter>Weather</Filter>
    </ClCompile>
    <ClCompile Include="..\..\src\server\game\World\World.cpp">
      <Filter>World</Filter>
    </ClCompile>
    <ClCompile Include="..\..\src\server\game\PrecompiledHeaders\gamePCH.cpp" />
  </ItemGroup>
  <ItemGroup>
    <ClInclude Include="..\..\src\server\game\Accounts\AccountMgr.h">
      <Filter>Accounts</Filter>
    </ClInclude>
    <ClInclude Include="..\..\src\server\game\Achievements\AchievementMgr.h">
      <Filter>Achievements</Filter>
    </ClInclude>
    <ClInclude Include="..\..\src\server\game\Addons\AddonMgr.h">
      <Filter>Addons</Filter>
    </ClInclude>
    <ClInclude Include="..\..\src\server\game\AI\CreatureAI.h">
      <Filter>AI</Filter>
    </ClInclude>
    <ClInclude Include="..\..\src\server\game\AI\CreatureAIFactory.h">
      <Filter>AI</Filter>
    </ClInclude>
    <ClInclude Include="..\..\src\server\game\AI\CreatureAIImpl.h">
      <Filter>AI</Filter>
    </ClInclude>
    <ClInclude Include="..\..\src\server\game\AI\CreatureAIRegistry.h">
      <Filter>AI</Filter>
    </ClInclude>
    <ClInclude Include="..\..\src\server\game\AI\CreatureAISelector.h">
      <Filter>AI</Filter>
    </ClInclude>
    <ClInclude Include="..\..\src\server\game\AI\CoreAI\CombatAI.h">
      <Filter>AI\CoreAI</Filter>
    </ClInclude>
    <ClInclude Include="..\..\src\server\game\AI\CoreAI\GameObjectAI.h">
      <Filter>AI\CoreAI</Filter>
    </ClInclude>
    <ClInclude Include="..\..\src\server\game\AI\CoreAI\GuardAI.h">
      <Filter>AI\CoreAI</Filter>
    </ClInclude>
    <ClInclude Include="..\..\src\server\game\AI\CoreAI\PassiveAI.h">
      <Filter>AI\CoreAI</Filter>
    </ClInclude>
    <ClInclude Include="..\..\src\server\game\AI\CoreAI\PetAI.h">
      <Filter>AI\CoreAI</Filter>
    </ClInclude>
    <ClInclude Include="..\..\src\server\game\AI\CoreAI\ReactorAI.h">
      <Filter>AI\CoreAI</Filter>
    </ClInclude>
    <ClInclude Include="..\..\src\server\game\AI\CoreAI\TotemAI.h">
      <Filter>AI\CoreAI</Filter>
    </ClInclude>
    <ClInclude Include="..\..\src\server\game\AI\CoreAI\UnitAI.h">
      <Filter>AI\CoreAI</Filter>
    </ClInclude>
    <ClInclude Include="..\..\src\server\game\AI\ScriptedAI\ScriptedCreature.h">
      <Filter>AI\ScriptedAI</Filter>
    </ClInclude>
    <ClInclude Include="..\..\src\server\game\AI\ScriptedAI\ScriptedEscortAI.h">
      <Filter>AI\ScriptedAI</Filter>
    </ClInclude>
    <ClInclude Include="..\..\src\server\game\AI\ScriptedAI\ScriptedFollowerAI.h">
      <Filter>AI\ScriptedAI</Filter>
    </ClInclude>
    <ClInclude Include="..\..\src\server\game\AI\ScriptedAI\ScriptedGossip.h">
      <Filter>AI\ScriptedAI</Filter>
    </ClInclude>
    <ClInclude Include="..\..\src\server\game\AI\ScriptedAI\ScriptedSimpleAI.h">
      <Filter>AI\ScriptedAI</Filter>
    </ClInclude>
    <ClInclude Include="..\..\src\server\game\AI\SmartScripts\SmartAI.h">
      <Filter>AI\SmartScripts</Filter>
    </ClInclude>
    <ClInclude Include="..\..\src\server\game\AI\SmartScripts\SmartScript.h">
      <Filter>AI\SmartScripts</Filter>
    </ClInclude>
    <ClInclude Include="..\..\src\server\game\AI\SmartScripts\SmartScriptMgr.h">
      <Filter>AI\SmartScripts</Filter>
    </ClInclude>
    <ClInclude Include="..\..\src\server\game\AuctionHouse\AuctionHouseMgr.h">
      <Filter>AuctionHouse</Filter>
    </ClInclude>
    <ClInclude Include="..\..\src\server\game\Battlegrounds\ArenaTeam.h">
      <Filter>Battlegrounds</Filter>
    </ClInclude>
    <ClInclude Include="..\..\src\server\game\Battlegrounds\ArenaTeamMgr.h">
      <Filter>Battlegrounds</Filter>
    </ClInclude>
    <ClInclude Include="..\..\src\server\game\Battlegrounds\Battleground.h">
      <Filter>Battlegrounds</Filter>
    </ClInclude>
    <ClInclude Include="..\..\src\server\game\Battlegrounds\BattlegroundMgr.h">
      <Filter>Battlegrounds</Filter>
    </ClInclude>
    <ClInclude Include="..\..\src\server\game\Battlegrounds\BattlegroundQueue.h">
      <Filter>Battlegrounds</Filter>
    </ClInclude>
    <ClInclude Include="..\..\src\server\game\Battlegrounds\Zones\BattlegroundAA.h">
      <Filter>Battlegrounds\Zones</Filter>
    </ClInclude>
    <ClInclude Include="..\..\src\server\game\Battlegrounds\Zones\BattlegroundAB.h">
      <Filter>Battlegrounds\Zones</Filter>
    </ClInclude>
    <ClInclude Include="..\..\src\server\game\Battlegrounds\Zones\BattlegroundAV.h">
      <Filter>Battlegrounds\Zones</Filter>
    </ClInclude>
    <ClInclude Include="..\..\src\server\game\Battlegrounds\Zones\BattlegroundBE.h">
      <Filter>Battlegrounds\Zones</Filter>
    </ClInclude>
    <ClInclude Include="..\..\src\server\game\Battlegrounds\Zones\BattlegroundBG.h">
      <Filter>Battlegrounds\Zones</Filter>
    </ClInclude>
    <ClInclude Include="..\..\src\server\game\Battlegrounds\Zones\BattlegroundDS.h">
      <Filter>Battlegrounds\Zones</Filter>
    </ClInclude>
    <ClInclude Include="..\..\src\server\game\Battlegrounds\Zones\BattlegroundEY.h">
      <Filter>Battlegrounds\Zones</Filter>
    </ClInclude>
    <ClInclude Include="..\..\src\server\game\Battlegrounds\Zones\BattlegroundIC.h">
      <Filter>Battlegrounds\Zones</Filter>
    </ClInclude>
    <ClInclude Include="..\..\src\server\game\Battlegrounds\Zones\BattlegroundNA.h">
      <Filter>Battlegrounds\Zones</Filter>
    </ClInclude>
    <ClInclude Include="..\..\src\server\game\Battlegrounds\Zones\BattlegroundRB.h">
      <Filter>Battlegrounds\Zones</Filter>
    </ClInclude>
    <ClInclude Include="..\..\src\server\game\Battlegrounds\Zones\BattlegroundRL.h">
      <Filter>Battlegrounds\Zones</Filter>
    </ClInclude>
    <ClInclude Include="..\..\src\server\game\Battlegrounds\Zones\BattlegroundRV.h">
      <Filter>Battlegrounds\Zones</Filter>
    </ClInclude>
    <ClInclude Include="..\..\src\server\game\Battlegrounds\Zones\BattlegroundSA.h">
      <Filter>Battlegrounds\Zones</Filter>
    </ClInclude>
    <ClInclude Include="..\..\src\server\game\Battlegrounds\Zones\BattlegroundTP.h">
      <Filter>Battlegrounds\Zones</Filter>
    </ClInclude>
    <ClInclude Include="..\..\src\server\game\Battlegrounds\Zones\BattlegroundWS.h">
      <Filter>Battlegrounds\Zones</Filter>
    </ClInclude>
    <ClInclude Include="..\..\src\server\game\Calendar\Calendar.h">
      <Filter>Calendar</Filter>
    </ClInclude>
    <ClInclude Include="..\..\src\server\game\Chat\Chat.h">
      <Filter>Chat</Filter>
    </ClInclude>
    <ClInclude Include="..\..\src\server\game\Chat\ChatLink.h">
      <Filter>Chat</Filter>
    </ClInclude>
    <ClInclude Include="..\..\src\server\game\Chat\Channels\Channel.h">
      <Filter>Chat\Channels</Filter>
    </ClInclude>
    <ClInclude Include="..\..\src\server\game\Chat\Channels\ChannelMgr.h">
      <Filter>Chat\Channels</Filter>
    </ClInclude>
    <ClInclude Include="..\..\src\server\game\Combat\HostileRefManager.h">
      <Filter>Combat</Filter>
    </ClInclude>
    <ClInclude Include="..\..\src\server\game\Combat\ThreatManager.h">
      <Filter>Combat</Filter>
    </ClInclude>
    <ClInclude Include="..\..\src\server\game\Combat\UnitEvents.h">
      <Filter>Combat</Filter>
    </ClInclude>
    <ClInclude Include="..\..\src\server\game\Conditions\ConditionMgr.h">
      <Filter>Conditions</Filter>
    </ClInclude>
    <ClInclude Include="..\..\src\server\game\Conditions\DisableMgr.h">
      <Filter>Conditions</Filter>
    </ClInclude>
    <ClInclude Include="..\..\src\server\game\DataStores\DATAEnums.h">
      <Filter>DataStores</Filter>
    </ClInclude>
    <ClInclude Include="..\..\src\server\game\DataStores\DATAfmt.h">
      <Filter>DataStores</Filter>
    </ClInclude>
    <ClInclude Include="..\..\src\server\game\DataStores\DATAStores.h">
      <Filter>DataStores</Filter>
    </ClInclude>
    <ClInclude Include="..\..\src\server\game\DataStores\DATAStructure.h">
      <Filter>DataStores</Filter>
    </ClInclude>
    <ClInclude Include="..\..\src\server\game\DungeonFinding\LFG.h">
      <Filter>DungeonFinding</Filter>
    </ClInclude>
    <ClInclude Include="..\..\src\server\game\DungeonFinding\LFGGroupData.h">
      <Filter>DungeonFinding</Filter>
    </ClInclude>
    <ClInclude Include="..\..\src\server\game\DungeonFinding\LFGMgr.h">
      <Filter>DungeonFinding</Filter>
    </ClInclude>
    <ClInclude Include="..\..\src\server\game\DungeonFinding\LFGPlayerData.h">
      <Filter>DungeonFinding</Filter>
    </ClInclude>
    <ClInclude Include="..\..\src\server\game\DungeonFinding\LFGScripts.h">
      <Filter>DungeonFinding</Filter>
    </ClInclude>
    <ClInclude Include="..\..\src\server\game\Entities\Corpse\Corpse.h">
      <Filter>Entities\Corpse</Filter>
    </ClInclude>
    <ClInclude Include="..\..\src\server\game\Entities\Creature\Creature.h">
      <Filter>Entities\Creature</Filter>
    </ClInclude>
    <ClInclude Include="..\..\src\server\game\Entities\Creature\CreatureGroups.h">
      <Filter>Entities\Creature</Filter>
    </ClInclude>
    <ClInclude Include="..\..\src\server\game\Entities\Creature\GossipDef.h">
      <Filter>Entities\Creature</Filter>
    </ClInclude>
    <ClInclude Include="..\..\src\server\game\Entities\Creature\TemporarySummon.h">
      <Filter>Entities\Creature</Filter>
    </ClInclude>
    <ClInclude Include="..\..\src\server\game\Entities\DynamicObject\DynamicObject.h">
      <Filter>Entities\DynamicObject</Filter>
    </ClInclude>
    <ClInclude Include="..\..\src\server\game\Entities\GameObject\GameObject.h">
      <Filter>Entities\GameObject</Filter>
    </ClInclude>
    <ClInclude Include="..\..\src\server\game\Entities\Item\Item.h">
      <Filter>Entities\Item</Filter>
    </ClInclude>
    <ClInclude Include="..\..\src\server\game\Entities\Item\ItemEnchantmentMgr.h">
      <Filter>Entities\Item</Filter>
    </ClInclude>
    <ClInclude Include="..\..\src\server\game\Entities\Item\ItemPrototype.h">
      <Filter>Entities\Item</Filter>
    </ClInclude>
    <ClInclude Include="..\..\src\server\game\Entities\Item\Container\Bag.h">
      <Filter>Entities\Item\Container</Filter>
    </ClInclude>
    <ClInclude Include="..\..\src\server\game\Entities\Object\Object.h">
      <Filter>Entities\Object</Filter>
    </ClInclude>
    <ClInclude Include="..\..\src\server\game\Entities\Object\ObjectDefines.h">
      <Filter>Entities\Object</Filter>
    </ClInclude>
    <ClInclude Include="..\..\src\server\game\Entities\Object\ObjectPosSelector.h">
      <Filter>Entities\Object</Filter>
    </ClInclude>
    <ClInclude Include="..\..\src\server\game\Entities\Object\Updates\UpdateData.h">
      <Filter>Entities\Object\Updates</Filter>
    </ClInclude>
    <ClInclude Include="..\..\src\server\game\Entities\Object\Updates\UpdateFields.h">
      <Filter>Entities\Object\Updates</Filter>
    </ClInclude>
    <ClInclude Include="..\..\src\server\game\Entities\Object\Updates\UpdateMask.h">
      <Filter>Entities\Object\Updates</Filter>
    </ClInclude>
    <ClInclude Include="..\..\src\server\game\Entities\Pet\Pet.h">
      <Filter>Entities\Pet</Filter>
    </ClInclude>
    <ClInclude Include="..\..\src\server\game\Entities\Player\Player.h">
      <Filter>Entities\Player</Filter>
    </ClInclude>
    <ClInclude Include="..\..\src\server\game\Entities\Player\SocialMgr.h">
      <Filter>Entities\Player</Filter>
    </ClInclude>
    <ClInclude Include="..\..\src\server\game\Entities\Player\ClassPlayer\ClassPlayer.h">
      <Filter>Entities\Player\ClassPlayer</Filter>
    </ClInclude>
    <ClInclude Include="..\..\src\server\game\Entities\Player\ClassPlayer\DKPlayer.h">
      <Filter>Entities\Player\ClassPlayer</Filter>
    </ClInclude>
    <ClInclude Include="..\..\src\server\game\Entities\Player\ClassPlayer\DruidPlayer.h">
      <Filter>Entities\Player\ClassPlayer</Filter>
    </ClInclude>
    <ClInclude Include="..\..\src\server\game\Entities\Player\ClassPlayer\HunterPlayer.h">
      <Filter>Entities\Player\ClassPlayer</Filter>
    </ClInclude>
    <ClInclude Include="..\..\src\server\game\Entities\Player\ClassPlayer\MagePlayer.h">
      <Filter>Entities\Player\ClassPlayer</Filter>
    </ClInclude>
    <ClInclude Include="..\..\src\server\game\Entities\Player\ClassPlayer\PaladinPlayer.h">
      <Filter>Entities\Player\ClassPlayer</Filter>
    </ClInclude>
    <ClInclude Include="..\..\src\server\game\Entities\Player\ClassPlayer\PriestPlayer.h">
      <Filter>Entities\Player\ClassPlayer</Filter>
    </ClInclude>
    <ClInclude Include="..\..\src\server\game\Entities\Player\ClassPlayer\RoguePlayer.h">
      <Filter>Entities\Player\ClassPlayer</Filter>
    </ClInclude>
    <ClInclude Include="..\..\src\server\game\Entities\Player\ClassPlayer\ShamanPlayer.h">
      <Filter>Entities\Player\ClassPlayer</Filter>
    </ClInclude>
    <ClInclude Include="..\..\src\server\game\Entities\Player\ClassPlayer\WarlockPlayer.h">
      <Filter>Entities\Player\ClassPlayer</Filter>
    </ClInclude>
    <ClInclude Include="..\..\src\server\game\Entities\Player\ClassPlayer\WarriorPlayer.h">
      <Filter>Entities\Player\ClassPlayer</Filter>
    </ClInclude>
    <ClInclude Include="..\..\src\server\game\Entities\Totem\Totem.h">
      <Filter>Entities\Totem</Filter>
    </ClInclude>
    <ClInclude Include="..\..\src\server\game\Entities\Transport\Transport.h">
      <Filter>Entities\Transport</Filter>
    </ClInclude>
    <ClInclude Include="..\..\src\server\game\Entities\Unit\Unit.h">
      <Filter>Entities\Unit</Filter>
    </ClInclude>
    <ClInclude Include="..\..\src\server\game\Entities\Vehicle\Vehicle.h">
      <Filter>Entities\Vehicle</Filter>
    </ClInclude>
    <ClInclude Include="..\..\src\server\game\Events\GameEventMgr.h">
      <Filter>Events</Filter>
    </ClInclude>
    <ClInclude Include="..\..\src\server\game\Globals\ObjectAccessor.h">
      <Filter>Globals</Filter>
    </ClInclude>
    <ClInclude Include="..\..\src\server\game\Globals\ObjectMgr.h">
      <Filter>Globals</Filter>
    </ClInclude>
    <ClInclude Include="..\..\src\server\game\Grids\Grid.h">
      <Filter>Grids</Filter>
    </ClInclude>
    <ClInclude Include="..\..\src\server\game\Grids\GridDefines.h">
      <Filter>Grids</Filter>
    </ClInclude>
    <ClInclude Include="..\..\src\server\game\Grids\GridLoader.h">
      <Filter>Grids</Filter>
    </ClInclude>
    <ClInclude Include="..\..\src\server\game\Grids\GridReference.h">
      <Filter>Grids</Filter>
    </ClInclude>
    <ClInclude Include="..\..\src\server\game\Grids\GridRefManager.h">
      <Filter>Grids</Filter>
    </ClInclude>
    <ClInclude Include="..\..\src\server\game\Grids\GridStates.h">
      <Filter>Grids</Filter>
    </ClInclude>
    <ClInclude Include="..\..\src\server\game\Grids\NGrid.h">
      <Filter>Grids</Filter>
    </ClInclude>
    <ClInclude Include="..\..\src\server\game\Grids\ObjectGridLoader.h">
      <Filter>Grids</Filter>
    </ClInclude>
    <ClInclude Include="..\..\src\server\game\Grids\Cells\Cell.h">
      <Filter>Grids\Cells</Filter>
    </ClInclude>
    <ClInclude Include="..\..\src\server\game\Grids\Cells\CellImpl.h">
      <Filter>Grids\Cells</Filter>
    </ClInclude>
    <ClInclude Include="..\..\src\server\game\Grids\Notifiers\GridNotifiers.h">
      <Filter>Grids\Notifiers</Filter>
    </ClInclude>
    <ClInclude Include="..\..\src\server\game\Grids\Notifiers\GridNotifiersImpl.h">
      <Filter>Grids\Notifiers</Filter>
    </ClInclude>
    <ClInclude Include="..\..\src\server\game\Groups\Group.h">
      <Filter>Groups</Filter>
    </ClInclude>
    <ClInclude Include="..\..\src\server\game\Groups\GroupMgr.h">
      <Filter>Groups</Filter>
    </ClInclude>
    <ClInclude Include="..\..\src\server\game\Groups\GroupReference.h">
      <Filter>Groups</Filter>
    </ClInclude>
    <ClInclude Include="..\..\src\server\game\Groups\GroupRefManager.h">
      <Filter>Groups</Filter>
    </ClInclude>
    <ClInclude Include="..\..\src\server\game\Guilds\Guild.h">
      <Filter>Guilds</Filter>
    </ClInclude>
    <ClInclude Include="..\..\src\server\game\Guilds\GuildMgr.h">
      <Filter>Guilds</Filter>
    </ClInclude>
    <ClInclude Include="..\..\src\server\game\Instances\InstanceSaveMgr.h">
      <Filter>Instances</Filter>
    </ClInclude>
    <ClInclude Include="..\..\src\server\game\Instances\InstanceScript.h">
      <Filter>Instances</Filter>
    </ClInclude>
    <ClInclude Include="..\..\src\server\game\Loot\LootMgr.h">
      <Filter>Loot</Filter>
    </ClInclude>
    <ClInclude Include="..\..\src\server\game\Mails\Mail.h">
      <Filter>Mails</Filter>
    </ClInclude>
    <ClInclude Include="..\..\src\server\game\Maps\Map.h">
      <Filter>Maps</Filter>
    </ClInclude>
    <ClInclude Include="..\..\src\server\game\Maps\MapInstanced.h">
      <Filter>Maps</Filter>
    </ClInclude>
    <ClInclude Include="..\..\src\server\game\Maps\MapManager.h">
      <Filter>Maps</Filter>
    </ClInclude>
    <ClInclude Include="..\..\src\server\game\Maps\MapReference.h">
      <Filter>Maps</Filter>
    </ClInclude>
    <ClInclude Include="..\..\src\server\game\Maps\MapRefManager.h">
      <Filter>Maps</Filter>
    </ClInclude>
    <ClInclude Include="..\..\src\server\game\Maps\MapUpdater.h">
      <Filter>Maps</Filter>
    </ClInclude>
    <ClInclude Include="..\..\src\server\game\Maps\ZoneScript.h">
      <Filter>Maps</Filter>
    </ClInclude>
    <ClInclude Include="..\..\src\server\game\Miscellaneous\Formulas.h">
      <Filter>Miscellaneous</Filter>
    </ClInclude>
    <ClInclude Include="..\..\src\server\game\Miscellaneous\Language.h">
      <Filter>Miscellaneous</Filter>
    </ClInclude>
    <ClInclude Include="..\..\src\server\game\Miscellaneous\SharedDefines.h">
      <Filter>Miscellaneous</Filter>
    </ClInclude>
    <ClInclude Include="..\..\src\server\game\Movement\DestinationHolder.h">
      <Filter>Movement</Filter>
    </ClInclude>
    <ClInclude Include="..\..\src\server\game\Movement\DestinationHolderImp.h">
      <Filter>Movement</Filter>
    </ClInclude>
    <ClInclude Include="..\..\src\server\game\Movement\FollowerReference.h">
      <Filter>Movement</Filter>
    </ClInclude>
    <ClInclude Include="..\..\src\server\game\Movement\FollowerRefManager.h">
      <Filter>Movement</Filter>
    </ClInclude>
    <ClInclude Include="..\..\src\server\game\Movement\MotionMaster.h">
      <Filter>Movement</Filter>
    </ClInclude>
    <ClInclude Include="..\..\src\server\game\Movement\MovementGenerator.h">
      <Filter>Movement</Filter>
    </ClInclude>
    <ClInclude Include="..\..\src\server\game\Movement\MovementGeneratorImpl.h">
      <Filter>Movement</Filter>
    </ClInclude>
    <ClInclude Include="..\..\src\server\game\Movement\Traveller.h">
      <Filter>Movement</Filter>
    </ClInclude>
    <ClInclude Include="..\..\src\server\game\Movement\MovementGenerators\ConfusedMovementGenerator.h">
      <Filter>Movement\MovementGenerators</Filter>
    </ClInclude>
    <ClInclude Include="..\..\src\server\game\Movement\MovementGenerators\FleeingMovementGenerator.h">
      <Filter>Movement\MovementGenerators</Filter>
    </ClInclude>
    <ClInclude Include="..\..\src\server\game\Movement\MovementGenerators\HomeMovementGenerator.h">
      <Filter>Movement\MovementGenerators</Filter>
    </ClInclude>
    <ClInclude Include="..\..\src\server\game\Movement\MovementGenerators\IdleMovementGenerator.h">
      <Filter>Movement\MovementGenerators</Filter>
    </ClInclude>
    <ClInclude Include="..\..\src\server\game\Movement\MovementGenerators\PointMovementGenerator.h">
      <Filter>Movement\MovementGenerators</Filter>
    </ClInclude>
    <ClInclude Include="..\..\src\server\game\Movement\MovementGenerators\RandomMovementGenerator.h">
      <Filter>Movement\MovementGenerators</Filter>
    </ClInclude>
    <ClInclude Include="..\..\src\server\game\Movement\MovementGenerators\TargetedMovementGenerator.h">
      <Filter>Movement\MovementGenerators</Filter>
    </ClInclude>
    <ClInclude Include="..\..\src\server\game\Movement\MovementGenerators\WaypointMovementGenerator.h">
      <Filter>Movement\MovementGenerators</Filter>
    </ClInclude>
    <ClInclude Include="..\..\src\server\game\Movement\Waypoints\Path.h">
      <Filter>Movement\Waypoints</Filter>
    </ClInclude>
    <ClInclude Include="..\..\src\server\game\Movement\Waypoints\WaypointManager.h">
      <Filter>Movement\Waypoints</Filter>
    </ClInclude>
    <ClInclude Include="..\..\src\server\game\OutdoorPvP\OutdoorPvP.h">
      <Filter>OutdoorPvP</Filter>
    </ClInclude>
    <ClInclude Include="..\..\src\server\game\OutdoorPvP\OutdoorPvPMgr.h">
      <Filter>OutdoorPvP</Filter>
    </ClInclude>
    <ClInclude Include="..\..\src\server\game\Pools\PoolMgr.h">
      <Filter>Pools</Filter>
    </ClInclude>
    <ClInclude Include="..\..\src\server\game\Quests\QuestDef.h">
      <Filter>Quests</Filter>
    </ClInclude>
    <ClInclude Include="..\..\src\server\game\Reputation\ReputationMgr.h">
      <Filter>Reputation</Filter>
    </ClInclude>
    <ClInclude Include="..\..\src\server\game\Scripting\ScriptLoader.h">
      <Filter>Scripting</Filter>
    </ClInclude>
    <ClInclude Include="..\..\src\server\game\Scripting\ScriptMgr.h">
      <Filter>Scripting</Filter>
    </ClInclude>
    <ClInclude Include="..\..\src\server\game\Scripting\ScriptSystem.h">
      <Filter>Scripting</Filter>
    </ClInclude>
    <ClInclude Include="..\..\src\server\game\Server\WorldSession.h">
      <Filter>Server</Filter>
    </ClInclude>
    <ClInclude Include="..\..\src\server\game\Server\WorldSocket.h">
      <Filter>Server</Filter>
    </ClInclude>
    <ClInclude Include="..\..\src\server\game\Server\WorldSocketMgr.h">
      <Filter>Server</Filter>
    </ClInclude>
    <ClInclude Include="..\..\src\server\game\Server\Protocol\Opcodes.h">
      <Filter>Server\Protocol</Filter>
    </ClInclude>
    <ClInclude Include="..\..\src\server\game\Server\Protocol\WorldLog.h">
      <Filter>Server\Protocol</Filter>
    </ClInclude>
    <ClInclude Include="..\..\src\server\game\Server\Protocol\Handlers\AddonHandler.h">
      <Filter>Server\Protocol\Handlers</Filter>
    </ClInclude>
    <ClInclude Include="..\..\src\server\game\Server\Protocol\Handlers\MovementStructures.h">
      <Filter>Server\Protocol\Handlers</Filter>
    </ClInclude>
    <ClInclude Include="..\..\src\server\game\Server\Protocol\Handlers\NPCHandler.h">
      <Filter>Server\Protocol\Handlers</Filter>
    </ClInclude>
    <ClInclude Include="..\..\src\server\game\Skills\SkillDiscovery.h">
      <Filter>Skills</Filter>
    </ClInclude>
    <ClInclude Include="..\..\src\server\game\Skills\SkillExtraItems.h">
      <Filter>Skills</Filter>
    </ClInclude>
    <ClInclude Include="..\..\src\server\game\Spells\Spell.h">
      <Filter>Spells</Filter>
    </ClInclude>
    <ClInclude Include="..\..\src\server\game\Spells\SpellMgr.h">
      <Filter>Spells</Filter>
    </ClInclude>
    <ClInclude Include="..\..\src\server\game\Spells\SpellScript.h">
      <Filter>Spells</Filter>
    </ClInclude>
    <ClInclude Include="..\..\src\server\game\Spells\Auras\SpellAuraDefines.h">
      <Filter>Spells\Auras</Filter>
    </ClInclude>
    <ClInclude Include="..\..\src\server\game\Spells\Auras\SpellAuraEffects.h">
      <Filter>Spells\Auras</Filter>
    </ClInclude>
    <ClInclude Include="..\..\src\server\game\Spells\Auras\SpellAuras.h">
      <Filter>Spells\Auras</Filter>
    </ClInclude>
    <ClInclude Include="..\..\src\server\game\Texts\CreatureTextMgr.h">
      <Filter>Texts</Filter>
    </ClInclude>
    <ClInclude Include="..\..\src\server\game\Tickets\TicketMgr.h">
      <Filter>Tickets</Filter>
    </ClInclude>
    <ClInclude Include="..\..\src\server\game\Tools\CharacterDatabaseCleaner.h">
      <Filter>Tools</Filter>
    </ClInclude>
    <ClInclude Include="..\..\src\server\game\Tools\PlayerDump.h">
      <Filter>Tools</Filter>
    </ClInclude>
    <ClInclude Include="..\..\src\server\game\Weather\Weather.h">
      <Filter>Weather</Filter>
    </ClInclude>
    <ClInclude Include="..\..\src\server\game\Weather\WeatherMgr.h">
      <Filter>Weather</Filter>
    </ClInclude>
    <ClInclude Include="..\..\src\server\game\World\World.h">
      <Filter>World</Filter>
    </ClInclude>
  </ItemGroup>
</Project>